{
  "name": "linkit",
  "version": "0.2.0",
  "lockfileVersion": 1,
  "requires": true,
  "dependencies": {
    "jquery.linkit": {
      "version": "0.2.0",
      "resolved": "https://registry.npmjs.org/jquery.linkit/-/jquery.linkit-0.2.0.tgz",
      "integrity": "sha1-xgu4m/2B+5gKUmsBpk4t7eIiWuA="
    }
  }
}
